<?xml version="1.0" encoding="utf-8"?>
<Project ToolsVersion="4.0" xmlns="http://schemas.microsoft.com/developer/msbuild/2003">
  <ItemGroup>
    <Filter Include="Form Dateien">
      <UniqueIdentifier>{99349809-55BA-4b9d-BF79-8FDBB0286EB3}</UniqueIdentifier>
      <Extensions>ui</Extensions>
    </Filter>
    <Filter Include="Resource Dateien">
      <UniqueIdentifier>{D9D6E242-F8AF-46E4-B9FD-80ECBC20BA3E}</UniqueIdentifier>
      <Extensions>qrc;*</Extensions>
      <ParseFiles>false</ParseFiles>
    </Filter>
    <Filter Include="Generierte Dateien">
      <UniqueIdentifier>{71ED8ED8-ACB9-4CE9-BBE1-E00B30144E11}</UniqueIdentifier>
      <Extensions>moc;h;cpp</Extensions>
      <SourceControlFiles>False</SourceControlFiles>
    </Filter>
    <Filter Include="Generierte Dateien\Debug">
      <UniqueIdentifier>{015718c7-676c-4ef0-b359-e2f3f911d395}</UniqueIdentifier>
      <Extensions>cpp;moc</Extensions>
      <SourceControlFiles>False</SourceControlFiles>
    </Filter>
    <Filter Include="Generierte Dateien\Release">
      <UniqueIdentifier>{113eadf3-78cc-4931-83ae-d920acae2e4e}</UniqueIdentifier>
      <Extensions>cpp;moc</Extensions>
      <SourceControlFiles>False</SourceControlFiles>
    </Filter>
    <Filter Include="Main">
      <UniqueIdentifier>{10a1d1ee-394c-40cb-a93c-4fed70d48141}</UniqueIdentifier>
    </Filter>
    <Filter Include="Protokoll">
      <UniqueIdentifier>{86c07373-12e3-4aea-9cd4-a5614e0717a2}</UniqueIdentifier>
    </Filter>
    <Filter Include="Rechner">
      <UniqueIdentifier>{a4381bab-a034-4563-887e-f14d863a5ce1}</UniqueIdentifier>
    </Filter>
    <Filter Include="Customplot">
      <UniqueIdentifier>{37ae72dc-2cba-4ce8-8bce-41bddd83ab5e}</UniqueIdentifier>
    </Filter>
  </ItemGroup>
  <ItemGroup>
    <ClCompile Include="GeneratedFiles\qrc_cmainwindow.cpp">
      <Filter>Generierte Dateien</Filter>
    </ClCompile>
    <ClCompile Include="..\Protokoll\Protokoll.cpp">
      <Filter>Protokoll</Filter>
    </ClCompile>
    <ClCompile Include="GeneratedFiles\Debug\moc_Protokoll.cpp">
      <Filter>Generierte Dateien\Debug</Filter>
    </ClCompile>
    <ClCompile Include="GeneratedFiles\Release\moc_Protokoll.cpp">
      <Filter>Generierte Dateien\Release</Filter>
    </ClCompile>
    <ClCompile Include="..\Protokoll\ProtokollItem.cpp">
      <Filter>Protokoll</Filter>
    </ClCompile>
    <ClCompile Include="GeneratedFiles\Debug\moc_ProtokollItem.cpp">
      <Filter>Generierte Dateien\Debug</Filter>
    </ClCompile>
    <ClCompile Include="GeneratedFiles\Release\moc_ProtokollItem.cpp">
      <Filter>Generierte Dateien\Release</Filter>
    </ClCompile>
    <ClCompile Include="..\Protokoll\ProtokollPrinter.cpp">
      <Filter>Protokoll</Filter>
    </ClCompile>
    <ClCompile Include="GeneratedFiles\Debug\moc_ProtokollPrinter.cpp">
      <Filter>Generierte Dateien\Debug</Filter>
    </ClCompile>
    <ClCompile Include="GeneratedFiles\Release\moc_ProtokollPrinter.cpp">
      <Filter>Generierte Dateien\Release</Filter>
    </ClCompile>
    <ClCompile Include="..\Rechner\Grundrechenarten.cpp">
      <Filter>Rechner</Filter>
    </ClCompile>
    <ClCompile Include="GeneratedFiles\Debug\moc_Grundrechenarten.cpp">
      <Filter>Generierte Dateien\Debug</Filter>
    </ClCompile>
    <ClCompile Include="GeneratedFiles\Release\moc_Grundrechenarten.cpp">
      <Filter>Generierte Dateien\Release</Filter>
    </ClCompile>
    <ClCompile Include="..\cmainwindow.cpp">
      <Filter>Main</Filter>
    </ClCompile>
    <ClCompile Include="GeneratedFiles\Debug\moc_cmainwindow.cpp">
      <Filter>Generierte Dateien\Debug</Filter>
    </ClCompile>
    <ClCompile Include="GeneratedFiles\Release\moc_cmainwindow.cpp">
      <Filter>Generierte Dateien\Release</Filter>
    </ClCompile>
    <ClCompile Include="..\main.cpp">
      <Filter>Main</Filter>
    </ClCompile>
    <ClCompile Include="..\Customplot\qcustomplot.cpp">
      <Filter>Customplot</Filter>
    </ClCompile>
    <ClCompile Include="GeneratedFiles\Debug\moc_qcustomplot.cpp">
      <Filter>Generierte Dateien\Debug</Filter>
    </ClCompile>
    <ClCompile Include="GeneratedFiles\Release\moc_qcustomplot.cpp">
      <Filter>Generierte Dateien\Release</Filter>
    </ClCompile>
  </ItemGroup>
  <ItemGroup>
    <CustomBuild Include="..\cmainwindow.qrc">
      <Filter>Resource Dateien</Filter>
    </CustomBuild>
    <CustomBuild Include="..\Protokoll\Protokoll.h">
      <Filter>Protokoll</Filter>
    </CustomBuild>
    <CustomBuild Include="..\Protokoll\ProtokollItem.h">
      <Filter>Protokoll</Filter>
    </CustomBuild>
    <CustomBuild Include="..\Protokoll\ProtokollPrinter.h">
      <Filter>Protokoll</Filter>
    </CustomBuild>
    <CustomBuild Include="..\Rechner\Grundrechenarten.h">
      <Filter>Rechner</Filter>
    </CustomBuild>
    <CustomBuild Include="..\cmainwindow.h">
      <Filter>Main</Filter>
    </CustomBuild>
    <CustomBuild Include="..\cmainwindow.ui">
      <Filter>Main</Filter>
    </CustomBuild>
    <CustomBuild Include="..\Customplot\qcustomplot.h">
      <Filter>Customplot</Filter>
    </CustomBuild>
    <CustomBuild Include="GeneratedFiles\ui_cmainwindow.h">
      <Filter>Generierte Dateien</Filter>
    </CustomBuild>
  </ItemGroup>
</Project>